
Microsoft Visual Studio Solution File, Format Version 12.00
# Visual Studio 2013
VisualStudioVersion = 12.0.21005.1
MinimumVisualStudioVersion = 10.0.40219.1
Project("{FAE04EC0-301F-11D3-BF4B-00C04F79EFBC}") = "2001216316_PhanNgocbaoVinh_Buoi3", "2001216316_PhanNgocbaoVinh_Buoi3\2001216316_PhanNgocbaoVinh_Buoi3.csproj", "{357CDA9D-8C76-468F-B84A-B4909F8EB56C}"
EndProject
Project("{FAE04EC0-301F-11D3-BF4B-00C04F79EFBC}") = "UC_DN", "UC_DN\UC_DN.csproj", "{8155C9EC-AF0D-43E6-BF75-14E636D5126D}"
EndProject
Project("{FAE04EC0-301F-11D3-BF4B-00C04F79EFBC}") = "UC_SinhVien", "UC_SinhVien\UC_SinhVien.csproj", "{991F0715-1A1C-43E0-AABD-0CCBB8E127E0}"
EndProject
Global
	GlobalSection(SolutionConfigurationPlatforms) = preSolution
		Debug|Any CPU = Debug|Any CPU
		Release|Any CPU = Release|Any CPU
	EndGlobalSection
	GlobalSection(ProjectConfigurationPlatforms) = postSolution
		{357CDA9D-8C76-468F-B84A-B4909F8EB56C}.Debug|Any CPU.ActiveCfg = Debug|Any CPU
		{357CDA9D-8C76-468F-B84A-B4909F8EB56C}.Debug|Any CPU.Build.0 = Debug|Any CPU
		{357CDA9D-8C76-468F-B84A-B4909F8EB56C}.Release|Any CPU.ActiveCfg = Release|Any CPU
		{357CDA9D-8C76-468F-B84A-B4909F8EB56C}.Release|Any CPU.Build.0 = Release|Any CPU
		{8155C9EC-AF0D-43E6-BF75-14E636D5126D}.Debug|Any CPU.ActiveCfg = Debug|Any CPU
		{8155C9EC-AF0D-43E6-BF75-14E636D5126D}.Debug|Any CPU.Build.0 = Debug|Any CPU
		{8155C9EC-AF0D-43E6-BF75-14E636D5126D}.Release|Any CPU.ActiveCfg = Release|Any CPU
		{8155C9EC-AF0D-43E6-BF75-14E636D5126D}.Release|Any CPU.Build.0 = Release|Any CPU
		{991F0715-1A1C-43E0-AABD-0CCBB8E127E0}.Debug|Any CPU.ActiveCfg = Debug|Any CPU
		{991F0715-1A1C-43E0-AABD-0CCBB8E127E0}.Debug|Any CPU.Build.0 = Debug|Any CPU
		{991F0715-1A1C-43E0-AABD-0CCBB8E127E0}.Release|Any CPU.ActiveCfg = Release|Any CPU
		{991F0715-1A1C-43E0-AABD-0CCBB8E127E0}.Release|Any CPU.Build.0 = Release|Any CPU
	EndGlobalSection
	GlobalSection(SolutionProperties) = preSolution
		HideSolutionNode = FALSE
	EndGlobalSection
EndGlobal
